#MicroXplorer Configuration settings - do not modify
CAD.formats=
CAD.pinconfig=
CAD.provider=
FSMC.ExtendedAddressSetupTime1=0
FSMC.ExtendedDataSetupTime1=1
FSMC.ExtendedMode1=FSMC_EXTENDED_MODE_ENABLE
FSMC.IPParameters=ExtendedMode1,ExtendedAddressSetupTime1,ExtendedDataSetupTime1
File.Version=6
GPIO.groupedBy=Group By Peripherals
KeepUserPlacement=false
Mcu.CPN=STM32F103ZET6
Mcu.Family=STM32F1
Mcu.IP0=FSMC
Mcu.IP1=NVIC
Mcu.IP10=USART1
Mcu.IP11=USART3
Mcu.IP2=RCC
Mcu.IP3=RTC
Mcu.IP4=SPI1
Mcu.IP5=SPI2
Mcu.IP6=SYS
Mcu.IP7=TIM2
Mcu.IP8=TIM3
Mcu.IP9=TIM4
Mcu.IPNb=12
Mcu.Name=STM32F103Z(C-D-E)Tx
Mcu.Package=LQFP144
Mcu.Pin0=PC14-OSC32_IN
Mcu.Pin1=PC15-OSC32_OUT
Mcu.Pin10=OSC_IN
Mcu.Pin11=OSC_OUT
Mcu.Pin12=PC3
Mcu.Pin13=PA0-WKUP
Mcu.Pin14=PA2
Mcu.Pin15=PA3
Mcu.Pin16=PA5
Mcu.Pin17=PA6
Mcu.Pin18=PA7
Mcu.Pin19=PC4
Mcu.Pin2=PF0
Mcu.Pin20=PC5
Mcu.Pin21=PB0
Mcu.Pin22=PB1
Mcu.Pin23=PB2
Mcu.Pin24=PF11
Mcu.Pin25=PF14
Mcu.Pin26=PF15
Mcu.Pin27=PG0
Mcu.Pin28=PE7
Mcu.Pin29=PE8
Mcu.Pin3=PF1
Mcu.Pin30=PE9
Mcu.Pin31=PE10
Mcu.Pin32=PE11
Mcu.Pin33=PE12
Mcu.Pin34=PE13
Mcu.Pin35=PE14
Mcu.Pin36=PE15
Mcu.Pin37=PB10
Mcu.Pin38=PB11
Mcu.Pin39=PB12
Mcu.Pin4=PF2
Mcu.Pin40=PB13
Mcu.Pin41=PB14
Mcu.Pin42=PB15
Mcu.Pin43=PD8
Mcu.Pin44=PD9
Mcu.Pin45=PD10
Mcu.Pin46=PD14
Mcu.Pin47=PD15
Mcu.Pin48=PG6
Mcu.Pin49=PG7
Mcu.Pin5=PF3
Mcu.Pin50=PG8
Mcu.Pin51=PC6
Mcu.Pin52=PC7
Mcu.Pin53=PA9
Mcu.Pin54=PA10
Mcu.Pin55=PA13
Mcu.Pin56=PA14
Mcu.Pin57=PC10
Mcu.Pin58=PC11
Mcu.Pin59=PD0
Mcu.Pin6=PF4
Mcu.Pin60=PD1
Mcu.Pin61=PD3
Mcu.Pin62=PD4
Mcu.Pin63=PD5
Mcu.Pin64=PG12
Mcu.Pin65=PB5
Mcu.Pin66=PB6
Mcu.Pin67=PB9
Mcu.Pin68=VP_RTC_VS_RTC_Activate
Mcu.Pin69=VP_RTC_VS_RTC_Calendar
Mcu.Pin7=PF5
Mcu.Pin70=VP_SYS_VS_Systick
Mcu.Pin71=VP_TIM2_VS_ClockSourceINT
Mcu.Pin72=VP_TIM3_VS_ClockSourceINT
Mcu.Pin73=VP_TIM4_VS_ClockSourceINT
Mcu.Pin8=PF6
Mcu.Pin9=PF7
Mcu.PinsNb=74
Mcu.ThirdPartyNb=0
Mcu.UserConstants=
Mcu.UserName=STM32F103ZETx
MxCube.Version=6.11.0
MxDb.Version=DB.6.0.110
NVIC.BusFault_IRQn=true\:0\:0\:false\:false\:true\:false\:false\:false
NVIC.DebugMonitor_IRQn=true\:0\:0\:false\:false\:true\:false\:false\:false
NVIC.EXTI3_IRQn=true\:0\:0\:false\:false\:true\:true\:true\:true
NVIC.ForceEnableDMAVector=true
NVIC.HardFault_IRQn=true\:0\:0\:false\:false\:true\:false\:false\:false
NVIC.MemoryManagement_IRQn=true\:0\:0\:false\:false\:true\:false\:false\:false
NVIC.NonMaskableInt_IRQn=true\:0\:0\:false\:false\:true\:false\:false\:false
NVIC.PendSV_IRQn=true\:0\:0\:false\:false\:true\:false\:false\:false
NVIC.PriorityGroup=NVIC_PRIORITYGROUP_4
NVIC.RCC_IRQn=true\:0\:0\:false\:false\:true\:true\:false\:true
NVIC.SVCall_IRQn=true\:0\:0\:false\:false\:true\:false\:false\:false
NVIC.SysTick_IRQn=true\:15\:0\:false\:false\:true\:false\:true\:false
NVIC.TIM3_IRQn=true\:0\:0\:false\:false\:true\:true\:true\:true
NVIC.USART1_IRQn=true\:0\:0\:false\:false\:true\:true\:true\:true
NVIC.USART3_IRQn=true\:0\:0\:false\:false\:true\:true\:true\:true
NVIC.UsageFault_IRQn=true\:0\:0\:false\:false\:true\:false\:false\:false
OSC_IN.Mode=HSE-External-Oscillator
OSC_IN.Signal=RCC_OSC_IN
OSC_OUT.Mode=HSE-External-Oscillator
OSC_OUT.Signal=RCC_OSC_OUT
PA0-WKUP.GPIOParameters=GPIO_Speed
PA0-WKUP.GPIO_Speed=GPIO_SPEED_FREQ_HIGH
PA0-WKUP.Signal=S_TIM2_CH1_ETR
PA10.Mode=Asynchronous
PA10.Signal=USART1_RX
PA13.Mode=Serial_Wire
PA13.Signal=SYS_JTMS-SWDIO
PA14.Mode=Serial_Wire
PA14.Signal=SYS_JTCK-SWCLK
PA2.GPIOParameters=GPIO_Speed,GPIO_Label
PA2.GPIO_Label=OV7725_RRST
PA2.GPIO_Speed=GPIO_SPEED_FREQ_HIGH
PA2.Locked=true
PA2.Signal=GPIO_Output
PA3.GPIOParameters=GPIO_Speed,GPIO_Label
PA3.GPIO_Label=OV7725_OE
PA3.GPIO_Speed=GPIO_SPEED_FREQ_HIGH
PA3.Locked=true
PA3.Signal=GPIO_Output
PA5.GPIOParameters=GPIO_Label
PA5.GPIO_Label=VOICE_SCK
PA5.Mode=Full_Duplex_Master
PA5.Signal=SPI1_SCK
PA6.GPIOParameters=GPIO_Label
PA6.GPIO_Label=VOICE_MISO
PA6.Mode=Full_Duplex_Master
PA6.Signal=SPI1_MISO
PA7.GPIOParameters=GPIO_Label
PA7.GPIO_Label=VOICE_MOSI
PA7.Mode=Full_Duplex_Master
PA7.Signal=SPI1_MOSI
PA9.Mode=Asynchronous
PA9.Signal=USART1_TX
PB0.GPIOParameters=PinState,GPIO_Label
PB0.GPIO_Label=LCD_BL
PB0.Locked=true
PB0.PinState=GPIO_PIN_SET
PB0.Signal=GPIO_Output
PB1.GPIOParameters=GPIO_Speed,PinState,GPIO_Label
PB1.GPIO_Label=VOICE_CS
PB1.GPIO_Speed=GPIO_SPEED_FREQ_HIGH
PB1.Locked=true
PB1.PinState=GPIO_PIN_RESET
PB1.Signal=GPIO_Output
PB10.GPIOParameters=GPIO_Speed
PB10.GPIO_Speed=GPIO_SPEED_FREQ_HIGH
PB10.Locked=true
PB10.Signal=GPIO_Output
PB11.GPIOParameters=GPIO_Speed
PB11.GPIO_Speed=GPIO_SPEED_FREQ_HIGH
PB11.Locked=true
PB11.Signal=GPIO_Output
PB12.GPIOParameters=GPIO_Speed
PB12.GPIO_Speed=GPIO_SPEED_FREQ_HIGH
PB12.Locked=true
PB12.Signal=GPIO_Output
PB13.Mode=Full_Duplex_Master
PB13.Signal=SPI2_SCK
PB14.Mode=Full_Duplex_Master
PB14.Signal=SPI2_MISO
PB15.Mode=Full_Duplex_Master
PB15.Signal=SPI2_MOSI
PB2.GPIOParameters=GPIO_Speed,GPIO_Label
PB2.GPIO_Label=VOICE_RST
PB2.GPIO_Speed=GPIO_SPEED_FREQ_HIGH
PB2.Locked=true
PB2.Signal=GPIO_Output
PB5.GPIOParameters=GPIO_Speed
PB5.GPIO_Speed=GPIO_SPEED_FREQ_HIGH
PB5.Locked=true
PB5.Signal=GPIO_Output
PB6.Signal=S_TIM4_CH1
PB9.GPIOParameters=GPIO_Speed
PB9.GPIO_Speed=GPIO_SPEED_FREQ_HIGH
PB9.Locked=true
PB9.Signal=GPIO_Output
PC10.Mode=Asynchronous
PC10.Signal=USART3_TX
PC11.Mode=Asynchronous
PC11.Signal=USART3_RX
PC14-OSC32_IN.Mode=LSE-External-Oscillator
PC14-OSC32_IN.Signal=RCC_OSC32_IN
PC15-OSC32_OUT.Mode=LSE-External-Oscillator
PC15-OSC32_OUT.Signal=RCC_OSC32_OUT
PC3.GPIOParameters=GPIO_Label,GPIO_ModeDefaultEXTI
PC3.GPIO_Label=OV7725_VSYNC
PC3.GPIO_ModeDefaultEXTI=GPIO_MODE_IT_FALLING
PC3.Locked=true
PC3.Signal=GPXTI3
PC4.GPIOParameters=GPIO_Speed,GPIO_Label
PC4.GPIO_Label=OV7725_WRST
PC4.GPIO_Speed=GPIO_SPEED_FREQ_HIGH
PC4.Locked=true
PC4.Signal=GPIO_Output
PC5.GPIOParameters=GPIO_Speed,GPIO_Label
PC5.GPIO_Label=OV7725_RCLK
PC5.GPIO_Speed=GPIO_SPEED_FREQ_HIGH
PC5.Locked=true
PC5.Signal=GPIO_Output
PC6.GPIOParameters=GPIO_Speed,GPIO_PuPd,GPIO_Label
PC6.GPIO_Label=SDIO_C
PC6.GPIO_PuPd=GPIO_NOPULL
PC6.GPIO_Speed=GPIO_SPEED_FREQ_HIGH
PC6.Locked=true
PC6.Signal=GPIO_Output
PC7.GPIOParameters=GPIO_Speed,GPIO_PuPd,GPIO_Label
PC7.GPIO_Label=SDIO_D
PC7.GPIO_PuPd=GPIO_NOPULL
PC7.GPIO_Speed=GPIO_SPEED_FREQ_HIGH
PC7.Locked=true
PC7.Signal=GPIO_Output
PD0.Signal=FSMC_D2_DA2
PD1.Signal=FSMC_D3_DA3
PD10.Signal=FSMC_D15_DA15
PD14.Signal=FSMC_D0_DA0
PD15.Signal=FSMC_D1_DA1
PD3.GPIOParameters=GPIO_Speed,GPIO_Label
PD3.GPIO_Label=OV7725_WEN
PD3.GPIO_Speed=GPIO_SPEED_FREQ_HIGH
PD3.Locked=true
PD3.Signal=GPIO_Output
PD4.Signal=FSMC_NOE
PD5.Signal=FSMC_NWE
PD8.Signal=FSMC_D13_DA13
PD9.Signal=FSMC_D14_DA14
PE10.Signal=FSMC_D7_DA7
PE11.Signal=FSMC_D8_DA8
PE12.Signal=FSMC_D9_DA9
PE13.Signal=FSMC_D10_DA10
PE14.Signal=FSMC_D11_DA11
PE15.Signal=FSMC_D12_DA12
PE7.Signal=FSMC_D4_DA4
PE8.Signal=FSMC_D5_DA5
PE9.Signal=FSMC_D6_DA6
PF0.GPIOParameters=GPIO_Label
PF0.GPIO_Label=OV7725_DATA0
PF0.Locked=true
PF0.Signal=GPIO_Input
PF1.GPIOParameters=GPIO_Label
PF1.GPIO_Label=OV7725_DATA1
PF1.Locked=true
PF1.Signal=GPIO_Input
PF11.GPIOParameters=GPIO_Label
PF11.GPIO_Label=VOICE_IRQ
PF11.Locked=true
PF11.Signal=GPXTI11
PF14.GPIOParameters=PinState
PF14.Locked=true
PF14.PinState=GPIO_PIN_SET
PF14.Signal=GPIO_Output
PF15.GPIOParameters=PinState
PF15.Locked=true
PF15.PinState=GPIO_PIN_SET
PF15.Signal=GPIO_Output
PF2.GPIOParameters=GPIO_Label
PF2.GPIO_Label=OV7725_DATA2
PF2.Locked=true
PF2.Signal=GPIO_Input
PF3.GPIOParameters=GPIO_Label
PF3.GPIO_Label=OV7725_DATA3
PF3.Locked=true
PF3.Signal=GPIO_Input
PF4.GPIOParameters=GPIO_Label
PF4.GPIO_Label=OV7725_DATA4
PF4.Locked=true
PF4.Signal=GPIO_Input
PF5.GPIOParameters=GPIO_Label
PF5.GPIO_Label=OV7725_DATA5
PF5.Locked=true
PF5.Signal=GPIO_Input
PF6.GPIOParameters=GPIO_Label
PF6.GPIO_Label=OV7725_DATA6
PF6.Locked=true
PF6.Signal=GPIO_Input
PF7.GPIOParameters=GPIO_Label
PF7.GPIO_Label=OV7725_DATA7
PF7.Locked=true
PF7.Signal=GPIO_Input
PG0.Locked=true
PG0.Signal=FSMC_A10
PG12.Locked=true
PG12.Mode=NorPsramChipSelect4_1
PG12.Signal=FSMC_NE4
PG6.GPIOParameters=GPIO_PuPd,GPIO_Label
PG6.GPIO_Label=KEY0
PG6.GPIO_PuPd=GPIO_PULLUP
PG6.Locked=true
PG6.Signal=GPIO_Input
PG7.GPIOParameters=GPIO_PuPd,GPIO_Label
PG7.GPIO_Label=KEY1
PG7.GPIO_PuPd=GPIO_PULLUP
PG7.Locked=true
PG7.Signal=GPIO_Input
PG8.GPIOParameters=GPIO_PuPd,GPIO_Label
PG8.GPIO_Label=KEY2
PG8.GPIO_PuPd=GPIO_PULLUP
PG8.Locked=true
PG8.Signal=GPIO_Input
PinOutPanel.RotationAngle=0
ProjectManager.AskForMigrate=true
ProjectManager.BackupPrevious=true
ProjectManager.CompilerLinker=GCC
ProjectManager.CompilerOptimize=6
ProjectManager.ComputerToolchain=false
ProjectManager.CoupleFile=true
ProjectManager.CustomerFirmwarePackage=
ProjectManager.DefaultFWLocation=true
ProjectManager.DeletePrevious=true
ProjectManager.DeviceId=STM32F103ZETx
ProjectManager.FirmwarePackage=STM32Cube FW_F1 V1.8.6
ProjectManager.FreePins=false
ProjectManager.HalAssertFull=false
ProjectManager.HeapSize=0x200
ProjectManager.KeepUserCode=true
ProjectManager.LastFirmware=true
ProjectManager.LibraryCopy=1
ProjectManager.MainLocation=Core/Src
ProjectManager.NoMain=false
ProjectManager.PreviousToolchain=
ProjectManager.ProjectBuild=false
ProjectManager.ProjectFileName=project.ioc
ProjectManager.ProjectName=project
ProjectManager.ProjectStructure=
ProjectManager.RegisterCallBack=
ProjectManager.StackSize=0x400
ProjectManager.TargetToolchain=STM32CubeIDE
ProjectManager.ToolChainLocation=
ProjectManager.UAScriptAfterPath=
ProjectManager.UAScriptBeforePath=
ProjectManager.UnderRoot=true
ProjectManager.functionlistsort=1-SystemClock_Config-RCC-false-HAL-false,2-MX_GPIO_Init-GPIO-false-HAL-true,3-MX_RTC_Init-RTC-false-HAL-true,4-MX_SPI2_Init-SPI2-false-HAL-true,5-MX_USART1_UART_Init-USART1-false-HAL-true,6-MX_TIM2_Init-TIM2-false-HAL-true,7-MX_SPI1_Init-SPI1-false-HAL-true,8-MX_TIM3_Init-TIM3-false-HAL-true,9-MX_TIM4_Init-TIM4-false-HAL-true,10-MX_FSMC_Init-FSMC-false-HAL-true,11-MX_USART3_UART_Init-USART3-false-HAL-true
RCC.ADCFreqValue=36000000
RCC.AHBFreq_Value=72000000
RCC.APB1CLKDivider=RCC_HCLK_DIV2
RCC.APB1Freq_Value=36000000
RCC.APB1TimFreq_Value=72000000
RCC.APB2Freq_Value=72000000
RCC.APB2TimFreq_Value=72000000
RCC.FCLKCortexFreq_Value=72000000
RCC.FSMCFreq_Value=72000000
RCC.FamilyName=M
RCC.HCLKFreq_Value=72000000
RCC.I2S2Freq_Value=72000000
RCC.I2S3Freq_Value=72000000
RCC.IPParameters=ADCFreqValue,AHBFreq_Value,APB1CLKDivider,APB1Freq_Value,APB1TimFreq_Value,APB2Freq_Value,APB2TimFreq_Value,FCLKCortexFreq_Value,FSMCFreq_Value,FamilyName,HCLKFreq_Value,I2S2Freq_Value,I2S3Freq_Value,MCOFreq_Value,PLLCLKFreq_Value,PLLMCOFreq_Value,PLLMUL,PLLSourceVirtual,RTCClockSelection,RTCFreq_Value,SDIOFreq_Value,SDIOHCLKDiv2FreqValue,SYSCLKFreq_VALUE,SYSCLKSource,TimSysFreq_Value,USBFreq_Value,VCOOutput2Freq_Value
RCC.MCOFreq_Value=72000000
RCC.PLLCLKFreq_Value=72000000
RCC.PLLMCOFreq_Value=36000000
RCC.PLLMUL=RCC_PLL_MUL9
RCC.PLLSourceVirtual=RCC_PLLSOURCE_HSE
RCC.RTCClockSelection=RCC_RTCCLKSOURCE_LSE
RCC.RTCFreq_Value=32768
RCC.SDIOFreq_Value=72000000
RCC.SDIOHCLKDiv2FreqValue=36000000
RCC.SYSCLKFreq_VALUE=72000000
RCC.SYSCLKSource=RCC_SYSCLKSOURCE_PLLCLK
RCC.TimSysFreq_Value=72000000
RCC.USBFreq_Value=72000000
RCC.VCOOutput2Freq_Value=8000000
SH.FSMC_A10.0=FSMC_A10,A10_1
SH.FSMC_A10.ConfNb=1
SH.FSMC_D0_DA0.0=FSMC_D0,16b-d1
SH.FSMC_D0_DA0.ConfNb=1
SH.FSMC_D10_DA10.0=FSMC_D10,16b-d1
SH.FSMC_D10_DA10.ConfNb=1
SH.FSMC_D11_DA11.0=FSMC_D11,16b-d1
SH.FSMC_D11_DA11.ConfNb=1
SH.FSMC_D12_DA12.0=FSMC_D12,16b-d1
SH.FSMC_D12_DA12.ConfNb=1
SH.FSMC_D13_DA13.0=FSMC_D13,16b-d1
SH.FSMC_D13_DA13.ConfNb=1
SH.FSMC_D14_DA14.0=FSMC_D14,16b-d1
SH.FSMC_D14_DA14.ConfNb=1
SH.FSMC_D15_DA15.0=FSMC_D15,16b-d1
SH.FSMC_D15_DA15.ConfNb=1
SH.FSMC_D1_DA1.0=FSMC_D1,16b-d1
SH.FSMC_D1_DA1.ConfNb=1
SH.FSMC_D2_DA2.0=FSMC_D2,16b-d1
SH.FSMC_D2_DA2.ConfNb=1
SH.FSMC_D3_DA3.0=FSMC_D3,16b-d1
SH.FSMC_D3_DA3.ConfNb=1
SH.FSMC_D4_DA4.0=FSMC_D4,16b-d1
SH.FSMC_D4_DA4.ConfNb=1
SH.FSMC_D5_DA5.0=FSMC_D5,16b-d1
SH.FSMC_D5_DA5.ConfNb=1
SH.FSMC_D6_DA6.0=FSMC_D6,16b-d1
SH.FSMC_D6_DA6.ConfNb=1
SH.FSMC_D7_DA7.0=FSMC_D7,16b-d1
SH.FSMC_D7_DA7.ConfNb=1
SH.FSMC_D8_DA8.0=FSMC_D8,16b-d1
SH.FSMC_D8_DA8.ConfNb=1
SH.FSMC_D9_DA9.0=FSMC_D9,16b-d1
SH.FSMC_D9_DA9.ConfNb=1
SH.FSMC_NOE.0=FSMC_NOE,Lcd1
SH.FSMC_NOE.ConfNb=1
SH.FSMC_NWE.0=FSMC_NWE,Lcd1
SH.FSMC_NWE.ConfNb=1
SH.GPXTI11.0=GPIO_EXTI11
SH.GPXTI11.ConfNb=1
SH.GPXTI3.0=GPIO_EXTI3
SH.GPXTI3.ConfNb=1
SH.S_TIM2_CH1_ETR.0=TIM2_CH1,PWM Generation1 CH1
SH.S_TIM2_CH1_ETR.ConfNb=1
SH.S_TIM4_CH1.0=TIM4_CH1,PWM Generation1 CH1
SH.S_TIM4_CH1.ConfNb=1
SPI1.BaudRatePrescaler=SPI_BAUDRATEPRESCALER_64
SPI1.CLKPhase=SPI_PHASE_2EDGE
SPI1.CLKPolarity=SPI_POLARITY_LOW
SPI1.CalculateBaudRate=1.125 MBits/s
SPI1.Direction=SPI_DIRECTION_2LINES
SPI1.IPParameters=VirtualType,Mode,Direction,BaudRatePrescaler,CalculateBaudRate,CLKPolarity,CLKPhase
SPI1.Mode=SPI_MODE_MASTER
SPI1.VirtualType=VM_MASTER
SPI2.CalculateBaudRate=18.0 MBits/s
SPI2.Direction=SPI_DIRECTION_2LINES
SPI2.IPParameters=VirtualType,Mode,Direction,CalculateBaudRate
SPI2.Mode=SPI_MODE_MASTER
SPI2.VirtualType=VM_MASTER
TIM2.Channel-PWM\ Generation1\ CH1=TIM_CHANNEL_1
TIM2.IPParameters=Channel-PWM Generation1 CH1,Prescaler,Period,Pulse-PWM Generation1 CH1,OCPolarity_1
TIM2.OCPolarity_1=TIM_OCPOLARITY_LOW
TIM2.Period=1000-1
TIM2.Prescaler=720-1
TIM2.Pulse-PWM\ Generation1\ CH1=10000
TIM3.AutoReloadPreload=TIM_AUTORELOAD_PRELOAD_ENABLE
TIM3.IPParameters=Prescaler,Period,AutoReloadPreload
TIM3.Period=1000 -1  
TIM3.Prescaler=72 - 1
TIM4.Channel-PWM\ Generation1\ CH1=TIM_CHANNEL_1
TIM4.IPParameters=Prescaler,Period,Channel-PWM Generation1 CH1,OCPolarity_1
TIM4.OCPolarity_1=TIM_OCPOLARITY_LOW
TIM4.Period=1000-1
TIM4.Prescaler=1440-1
USART1.BaudRate=460800
USART1.IPParameters=VirtualMode,BaudRate
USART1.VirtualMode=VM_ASYNC
USART3.IPParameters=VirtualMode
USART3.VirtualMode=VM_ASYNC
VP_RTC_VS_RTC_Activate.Mode=RTC_Enabled
VP_RTC_VS_RTC_Activate.Signal=RTC_VS_RTC_Activate
VP_RTC_VS_RTC_Calendar.Mode=RTC_Calendar
VP_RTC_VS_RTC_Calendar.Signal=RTC_VS_RTC_Calendar
VP_SYS_VS_Systick.Mode=SysTick
VP_SYS_VS_Systick.Signal=SYS_VS_Systick
VP_TIM2_VS_ClockSourceINT.Mode=Internal
VP_TIM2_VS_ClockSourceINT.Signal=TIM2_VS_ClockSourceINT
VP_TIM3_VS_ClockSourceINT.Mode=Internal
VP_TIM3_VS_ClockSourceINT.Signal=TIM3_VS_ClockSourceINT
VP_TIM4_VS_ClockSourceINT.Mode=Internal
VP_TIM4_VS_ClockSourceINT.Signal=TIM4_VS_ClockSourceINT
board=custom
isbadioc=false
